{
  "version": 4,
  "terraform_version": "1.12.2",
  "serial": 5,
  "lineage": "c8ca03bd-e037-d670-01aa-cb252cc2004f",
  "outputs": {
    "lambda_function_name": {
      "value": "iam-guardian-scanner",
      "type": "string"
    },
    "schedule_expression": {
      "value": "rate(1 day)",
      "type": "string"
    }
  },
  "resources": [
    {
      "mode": "data",
      "type": "archive_file",
      "name": "lambda_zip",
      "provider": "provider[\"registry.terraform.io/hashicorp/archive\"]",
      "instances": [
        {
          "schema_version": 0,
          "attributes": {
            "exclude_symlink_directories": null,
            "excludes": null,
            "id": "580398510789c224728a54fc2883e0e3327a672c",
            "output_base64sha256": "CrjASQH0xZ44eH9eR1hcfHH0U5ZHNZ/3Buf4kpvSWMo=",
            "output_base64sha512": "p80AEbXZxjWKJrbhPzh2oSIAbb4CugRAl4OfruMzT74eGksIF41x+vKU3Oj2522PxCqAaIZszbrBd3k+djLaxA==",
            "output_file_mode": null,
            "output_md5": "529bd4b14c6a6441c917fe8deb31c1de",
            "output_path": "./iam-guardian.zip",
            "output_sha": "580398510789c224728a54fc2883e0e3327a672c",
            "output_sha256": "0ab8c04901f4c59e38787f5e47585c7c71f4539647359ff706e7f8929bd258ca",
            "output_sha512": "a7cd0011b5d9c6358a26b6e13f3876a122006dbe02ba044097839faee3334fbe1e1a4b08178d71faf294dce8f6e76d8fc42a8068866ccdbac177793e7632dac4",
            "output_size": 1506,
            "source": [],
            "source_content": null,
            "source_content_filename": null,
            "source_dir": "./lambda",
            "source_file": null,
            "type": "zip"
          },
          "sensitive_attributes": [],
          "identity_schema_version": 0
        }
      ]
    },
    {
      "mode": "data",
      "type": "aws_iam_policy_document",
      "name": "assume_lambda",
      "provider": "provider[\"registry.terraform.io/hashicorp/aws\"]",
      "instances": [
        {
          "schema_version": 0,
          "attributes": {
            "id": "2690255455",
            "json": "{\n  \"Version\": \"2012-10-17\",\n  \"Statement\": [\n    {\n      \"Effect\": \"Allow\",\n      \"Action\": \"sts:AssumeRole\",\n      \"Principal\": {\n        \"Service\": \"lambda.amazonaws.com\"\n      }\n    }\n  ]\n}",
            "minified_json": "{\"Version\":\"2012-10-17\",\"Statement\":[{\"Effect\":\"Allow\",\"Action\":\"sts:AssumeRole\",\"Principal\":{\"Service\":\"lambda.amazonaws.com\"}}]}",
            "override_json": null,
            "override_policy_documents": null,
            "policy_id": null,
            "source_json": null,
            "source_policy_documents": null,
            "statement": [
              {
                "actions": [
                  "sts:AssumeRole"
                ],
                "condition": [],
                "effect": "Allow",
                "not_actions": [],
                "not_principals": [],
                "not_resources": [],
                "principals": [
                  {
                    "identifiers": [
                      "lambda.amazonaws.com"
                    ],
                    "type": "Service"
                  }
                ],
                "resources": [],
                "sid": ""
              }
            ],
            "version": "2012-10-17"
          },
          "sensitive_attributes": [],
          "identity_schema_version": 0
        }
      ]
    },
    {
      "mode": "managed",
      "type": "aws_iam_role",
      "name": "lambda_role",
      "provider": "provider[\"registry.terraform.io/hashicorp/aws\"]",
      "instances": [
        {
          "schema_version": 0,
          "attributes": {
            "arn": "arn:aws:iam::288028157973:role/iam-guardian-lambda-role",
            "assume_role_policy": "{\"Statement\":[{\"Action\":\"sts:AssumeRole\",\"Effect\":\"Allow\",\"Principal\":{\"Service\":\"lambda.amazonaws.com\"}}],\"Version\":\"2012-10-17\"}",
            "create_date": "2025-08-14T20:46:28Z",
            "description": "",
            "force_detach_policies": false,
            "id": "iam-guardian-lambda-role",
            "inline_policy": [],
            "managed_policy_arns": [],
            "max_session_duration": 3600,
            "name": "iam-guardian-lambda-role",
            "name_prefix": "",
            "path": "/",
            "permissions_boundary": "",
            "tags": null,
            "tags_all": {},
            "unique_id": "AROAUGD6Q5AKRDB3W7VIW"
          },
          "sensitive_attributes": [],
          "identity_schema_version": 0,
          "identity": {
            "account_id": "288028157973",
            "name": "iam-guardian-lambda-role"
          },
          "private": "bnVsbA==",
          "dependencies": [
            "data.aws_iam_policy_document.assume_lambda"
          ]
        }
      ]
    },
    {
      "mode": "managed",
      "type": "random_id",
      "name": "rand",
      "provider": "provider[\"registry.terraform.io/hashicorp/random\"]",
      "instances": [
        {
          "schema_version": 0,
          "attributes": {
            "b64_std": "yBu1dA==",
            "b64_url": "yBu1dA",
            "byte_length": 4,
            "dec": "3357259124",
            "hex": "c81bb574",
            "id": "yBu1dA",
            "keepers": null,
            "prefix": null
          },
          "sensitive_attributes": [],
          "identity_schema_version": 0
        }
      ]
    }
  ],
  "check_results": null
}
